// !$*UTF8*$!
{
	archiveVersion = 1;
	classes = {
	};
	objectVersion = 56;
	objects = {

/* Begin PBXBuildFile section */
		B67A35FC67589C7FF65AA808 /* Pods_App_like_Uber_Firebase_backend.framework in Frameworks */ = {isa = PBXBuildFile; fileRef = BCF26E26AD230277FA3379FC /* Pods_App_like_Uber_Firebase_backend.framework */; };
		DA59347729E18AF80005A9B9 /* AppDelegate.swift in Sources */ = {isa = PBXBuildFile; fileRef = DA59347629E18AF80005A9B9 /* AppDelegate.swift */; };
		DA59347929E18AF80005A9B9 /* SceneDelegate.swift in Sources */ = {isa = PBXBuildFile; fileRef = DA59347829E18AF80005A9B9 /* SceneDelegate.swift */; };
		DA59347E29E18AF80005A9B9 /* Main.storyboard in Resources */ = {isa = PBXBuildFile; fileRef = DA59347C29E18AF80005A9B9 /* Main.storyboard */; };
		DA59348029E18AFA0005A9B9 /* Assets.xcassets in Resources */ = {isa = PBXBuildFile; fileRef = DA59347F29E18AFA0005A9B9 /* Assets.xcassets */; };
		DA59348329E18AFA0005A9B9 /* LaunchScreen.storyboard in Resources */ = {isa = PBXBuildFile; fileRef = DA59348129E18AFA0005A9B9 /* LaunchScreen.storyboard */; };
		DA59349029E18FE80005A9B9 /* LoginController.swift in Sources */ = {isa = PBXBuildFile; fileRef = DA59348F29E18FE80005A9B9 /* LoginController.swift */; };
		DA9B9A1C29EEB23E000E2371 /* LocationInputActivationView.swift in Sources */ = {isa = PBXBuildFile; fileRef = DA9B9A1B29EEB23E000E2371 /* LocationInputActivationView.swift */; };
		DA9B9A1E29EEC84F000E2371 /* LocationInputView.swift in Sources */ = {isa = PBXBuildFile; fileRef = DA9B9A1D29EEC84F000E2371 /* LocationInputView.swift */; };
		DAAC9BD62A02E50C00FEB364 /* LocationHandler.swift in Sources */ = {isa = PBXBuildFile; fileRef = DAAC9BD52A02E50C00FEB364 /* LocationHandler.swift */; };
		DAB67CAE29F032D50085BF92 /* LocationCell.swift in Sources */ = {isa = PBXBuildFile; fileRef = DAB67CAD29F032D50085BF92 /* LocationCell.swift */; };
		DAB9955929F177AA009EBA93 /* Service.swift in Sources */ = {isa = PBXBuildFile; fileRef = DAB9955829F177AA009EBA93 /* Service.swift */; };
		DAB9955B29F18F54009EBA93 /* User.swift in Sources */ = {isa = PBXBuildFile; fileRef = DAB9955A29F18F54009EBA93 /* User.swift */; };
		DABB356B29E5AE44006212F6 /* Extentions.swift in Sources */ = {isa = PBXBuildFile; fileRef = DABB356A29E5AE44006212F6 /* Extentions.swift */; };
		DABCD7C529EA8CE800CB5A80 /* SignUpController.swift in Sources */ = {isa = PBXBuildFile; fileRef = DABCD7C429EA8CE800CB5A80 /* SignUpController.swift */; };
		DABCD7C729EA99F900CB5A80 /* AuthButton.swift in Sources */ = {isa = PBXBuildFile; fileRef = DABCD7C629EA99F900CB5A80 /* AuthButton.swift */; };
		DABCD7C929EB042900CB5A80 /* GoogleService-Info.plist in Resources */ = {isa = PBXBuildFile; fileRef = DABCD7C829EB042900CB5A80 /* GoogleService-Info.plist */; };
		DAD66A4B29ED90ED00B6BF5A /* HomeController.swift in Sources */ = {isa = PBXBuildFile; fileRef = DAD66A4A29ED90ED00B6BF5A /* HomeController.swift */; };
/* End PBXBuildFile section */

/* Begin PBXFileReference section */
		3749BE0ABE225B2E1679611D /* Pods-App-like-Uber-Firebase-backend.debug.xcconfig */ = {isa = PBXFileReference; includeInIndex = 1; lastKnownFileType = text.xcconfig; name = "Pods-App-like-Uber-Firebase-backend.debug.xcconfig"; path = "Target Support Files/Pods-App-like-Uber-Firebase-backend/Pods-App-like-Uber-Firebase-backend.debug.xcconfig"; sourceTree = "<group>"; };
		8D5C07B9F19B84467DAE9643 /* Pods-App-like-Uber-Firebase-backend.release.xcconfig */ = {isa = PBXFileReference; includeInIndex = 1; lastKnownFileType = text.xcconfig; name = "Pods-App-like-Uber-Firebase-backend.release.xcconfig"; path = "Target Support Files/Pods-App-like-Uber-Firebase-backend/Pods-App-like-Uber-Firebase-backend.release.xcconfig"; sourceTree = "<group>"; };
		BCF26E26AD230277FA3379FC /* Pods_App_like_Uber_Firebase_backend.framework */ = {isa = PBXFileReference; explicitFileType = wrapper.framework; includeInIndex = 0; path = Pods_App_like_Uber_Firebase_backend.framework; sourceTree = BUILT_PRODUCTS_DIR; };
		DA59347629E18AF80005A9B9 /* AppDelegate.swift */ = {isa = PBXFileReference; lastKnownFileType = sourcecode.swift; path = AppDelegate.swift; sourceTree = "<group>"; };
		DA59347829E18AF80005A9B9 /* SceneDelegate.swift */ = {isa = PBXFileReference; lastKnownFileType = sourcecode.swift; path = SceneDelegate.swift; sourceTree = "<group>"; };
		DA59347D29E18AF80005A9B9 /* Base */ = {isa = PBXFileReference; lastKnownFileType = file.storyboard; name = Base; path = Base.lproj/Main.storyboard; sourceTree = "<group>"; };
		DA59347F29E18AFA0005A9B9 /* Assets.xcassets */ = {isa = PBXFileReference; lastKnownFileType = folder.assetcatalog; path = Assets.xcassets; sourceTree = "<group>"; };
		DA59348229E18AFA0005A9B9 /* Base */ = {isa = PBXFileReference; lastKnownFileType = file.storyboard; name = Base; path = Base.lproj/LaunchScreen.storyboard; sourceTree = "<group>"; };
		DA59348429E18AFA0005A9B9 /* Info.plist */ = {isa = PBXFileReference; lastKnownFileType = text.plist.xml; path = Info.plist; sourceTree = "<group>"; };
		DA59348F29E18FE80005A9B9 /* LoginController.swift */ = {isa = PBXFileReference; lastKnownFileType = sourcecode.swift; path = LoginController.swift; sourceTree = "<group>"; };
		DA9B9A1B29EEB23E000E2371 /* LocationInputActivationView.swift */ = {isa = PBXFileReference; lastKnownFileType = sourcecode.swift; path = LocationInputActivationView.swift; sourceTree = "<group>"; };
		DA9B9A1D29EEC84F000E2371 /* LocationInputView.swift */ = {isa = PBXFileReference; lastKnownFileType = sourcecode.swift; path = LocationInputView.swift; sourceTree = "<group>"; };
		DAAC9BD42A02DF7B00FEB364 /* App-like-Uber-Firebase-backend.app */ = {isa = PBXFileReference; explicitFileType = wrapper.application; includeInIndex = 0; path = "App-like-Uber-Firebase-backend.app"; sourceTree = BUILT_PRODUCTS_DIR; };
		DAAC9BD52A02E50C00FEB364 /* LocationHandler.swift */ = {isa = PBXFileReference; lastKnownFileType = sourcecode.swift; path = LocationHandler.swift; sourceTree = "<group>"; };
		DAB67CAD29F032D50085BF92 /* LocationCell.swift */ = {isa = PBXFileReference; lastKnownFileType = sourcecode.swift; path = LocationCell.swift; sourceTree = "<group>"; };
		DAB9955829F177AA009EBA93 /* Service.swift */ = {isa = PBXFileReference; lastKnownFileType = sourcecode.swift; path = Service.swift; sourceTree = "<group>"; };
		DAB9955A29F18F54009EBA93 /* User.swift */ = {isa = PBXFileReference; lastKnownFileType = sourcecode.swift; path = User.swift; sourceTree = "<group>"; };
		DABB356A29E5AE44006212F6 /* Extentions.swift */ = {isa = PBXFileReference; lastKnownFileType = sourcecode.swift; path = Extentions.swift; sourceTree = "<group>"; };
		DABCD7C429EA8CE800CB5A80 /* SignUpController.swift */ = {isa = PBXFileReference; lastKnownFileType = sourcecode.swift; path = SignUpController.swift; sourceTree = "<group>"; };
		DABCD7C629EA99F900CB5A80 /* AuthButton.swift */ = {isa = PBXFileReference; lastKnownFileType = sourcecode.swift; path = AuthButton.swift; sourceTree = "<group>"; };
		DABCD7C829EB042900CB5A80 /* GoogleService-Info.plist */ = {isa = PBXFileReference; lastKnownFileType = text.plist; path = "GoogleService-Info.plist"; sourceTree = SOURCE_ROOT; };
		DAD66A4A29ED90ED00B6BF5A /* HomeController.swift */ = {isa = PBXFileReference; lastKnownFileType = sourcecode.swift; path = HomeController.swift; sourceTree = "<group>"; };
/* End PBXFileReference section */

/* Begin PBXFrameworksBuildPhase section */
		DA59347029E18AF80005A9B9 /* Frameworks */ = {
			isa = PBXFrameworksBuildPhase;
			buildActionMask = 2147483647;
			files = (
				B67A35FC67589C7FF65AA808 /* Pods_App_like_Uber_Firebase_backend.framework in Frameworks */,
			);
			runOnlyForDeploymentPostprocessing = 0;
		};
/* End PBXFrameworksBuildPhase section */

/* Begin PBXGroup section */
		17994B20E4C58E2B7294BD85 /* Frameworks */ = {
			isa = PBXGroup;
			children = (
				BCF26E26AD230277FA3379FC /* Pods_App_like_Uber_Firebase_backend.framework */,
			);
			name = Frameworks;
			sourceTree = "<group>";
		};
		3DF955686DB1E0E6645AD03A /* Pods */ = {
			isa = PBXGroup;
			children = (
				3749BE0ABE225B2E1679611D /* Pods-App-like-Uber-Firebase-backend.debug.xcconfig */,
				8D5C07B9F19B84467DAE9643 /* Pods-App-like-Uber-Firebase-backend.release.xcconfig */,
			);
			path = Pods;
			sourceTree = "<group>";
		};
		DA59346A29E18AF80005A9B9 = {
			isa = PBXGroup;
			children = (
				DA59347529E18AF80005A9B9 /* App-like-Uber-Firebase-backend */,
				3DF955686DB1E0E6645AD03A /* Pods */,
				17994B20E4C58E2B7294BD85 /* Frameworks */,
				DAAC9BD42A02DF7B00FEB364 /* App-like-Uber-Firebase-backend.app */,
			);
			sourceTree = "<group>";
		};
		DA59347529E18AF80005A9B9 /* App-like-Uber-Firebase-backend */ = {
			isa = PBXGroup;
			children = (
				DA59348E29E18CB90005A9B9 /* Model */,
				DA59348D29E18CB60005A9B9 /* View */,
				DA59348C29E18CB30005A9B9 /* Controller */,
				DA59348B29E18CB00005A9B9 /* Service */,
				DA59348A29E18CAC0005A9B9 /* Utility */,
				DA59347629E18AF80005A9B9 /* AppDelegate.swift */,
				DA59347829E18AF80005A9B9 /* SceneDelegate.swift */,
				DA59347C29E18AF80005A9B9 /* Main.storyboard */,
				DA59347F29E18AFA0005A9B9 /* Assets.xcassets */,
				DA59348129E18AFA0005A9B9 /* LaunchScreen.storyboard */,
				DABCD7C829EB042900CB5A80 /* GoogleService-Info.plist */,
				DA59348429E18AFA0005A9B9 /* Info.plist */,
			);
			path = "App-like-Uber-Firebase-backend";
			sourceTree = "<group>";
		};
		DA59348A29E18CAC0005A9B9 /* Utility */ = {
			isa = PBXGroup;
			children = (
				DABB356A29E5AE44006212F6 /* Extentions.swift */,
				DAAC9BD52A02E50C00FEB364 /* LocationHandler.swift */,
			);
			path = Utility;
			sourceTree = "<group>";
		};
		DA59348B29E18CB00005A9B9 /* Service */ = {
			isa = PBXGroup;
			children = (
				DAB9955829F177AA009EBA93 /* Service.swift */,
			);
			path = Service;
			sourceTree = "<group>";
		};
		DA59348C29E18CB30005A9B9 /* Controller */ = {
			isa = PBXGroup;
			children = (
				DA59348F29E18FE80005A9B9 /* LoginController.swift */,
				DABCD7C429EA8CE800CB5A80 /* SignUpController.swift */,
				DAD66A4A29ED90ED00B6BF5A /* HomeController.swift */,
			);
			path = Controller;
			sourceTree = "<group>";
		};
		DA59348D29E18CB60005A9B9 /* View */ = {
			isa = PBXGroup;
			children = (
				DABCD7C629EA99F900CB5A80 /* AuthButton.swift */,
				DA9B9A1B29EEB23E000E2371 /* LocationInputActivationView.swift */,
				DA9B9A1D29EEC84F000E2371 /* LocationInputView.swift */,
				DAB67CAD29F032D50085BF92 /* LocationCell.swift */,
			);
			path = View;
			sourceTree = "<group>";
		};
		DA59348E29E18CB90005A9B9 /* Model */ = {
			isa = PBXGroup;
			children = (
				DAB9955A29F18F54009EBA93 /* User.swift */,
			);
			path = Model;
			sourceTree = "<group>";
		};
/* End PBXGroup section */

/* Begin PBXNativeTarget section */
		DA59347229E18AF80005A9B9 /* App-like-Uber-Firebase-backend */ = {
			isa = PBXNativeTarget;
			buildConfigurationList = DA59348729E18AFA0005A9B9 /* Build configuration list for PBXNativeTarget "App-like-Uber-Firebase-backend" */;
			buildPhases = (
				51C9C5532790FFE24DC6A311 /* [CP] Check Pods Manifest.lock */,
				DA59346F29E18AF80005A9B9 /* Sources */,
				DA59347029E18AF80005A9B9 /* Frameworks */,
				DA59347129E18AF80005A9B9 /* Resources */,
				C07FBB039668A543C3B17940 /* [CP] Embed Pods Frameworks */,
			);
			buildRules = (
			);
			dependencies = (
			);
			name = "App-like-Uber-Firebase-backend";
			productName = "App-like-Uber-Firebase-backend";
			productReference = DAAC9BD42A02DF7B00FEB364 /* App-like-Uber-Firebase-backend.app */;
			productType = "com.apple.product-type.application";
		};
/* End PBXNativeTarget section */

/* Begin PBXProject section */
		DA59346B29E18AF80005A9B9 /* Project object */ = {
			isa = PBXProject;
			attributes = {
				BuildIndependentTargetsInParallel = 1;
				LastSwiftUpdateCheck = 1430;
				LastUpgradeCheck = 1430;
				TargetAttributes = {
					DA59347229E18AF80005A9B9 = {
						CreatedOnToolsVersion = 14.3;
					};
				};
			};
			buildConfigurationList = DA59346E29E18AF80005A9B9 /* Build configuration list for PBXProject "App-like-Uber-Firebase-backend" */;
			compatibilityVersion = "Xcode 14.0";
			developmentRegion = en;
			hasScannedForEncodings = 0;
			knownRegions = (
				en,
				Base,
			);
			mainGroup = DA59346A29E18AF80005A9B9;
			productRefGroup = DA59346A29E18AF80005A9B9;
			projectDirPath = "";
			projectRoot = "";
			targets = (
				DA59347229E18AF80005A9B9 /* App-like-Uber-Firebase-backend */,
			);
		};
/* End PBXProject section */

/* Begin PBXResourcesBuildPhase section */
		DA59347129E18AF80005A9B9 /* Resources */ = {
			isa = PBXResourcesBuildPhase;
			buildActionMask = 2147483647;
			files = (
				DA59348329E18AFA0005A9B9 /* LaunchScreen.storyboard in Resources */,
				DABCD7C929EB042900CB5A80 /* GoogleService-Info.plist in Resources */,
				DA59348029E18AFA0005A9B9 /* Assets.xcassets in Resources */,
				DA59347E29E18AF80005A9B9 /* Main.storyboard in Resources */,
			);
			runOnlyForDeploymentPostprocessing = 0;
		};
/* End PBXResourcesBuildPhase section */

/* Begin PBXShellScriptBuildPhase section */
		51C9C5532790FFE24DC6A311 /* [CP] Check Pods Manifest.lock */ = {
			isa = PBXShellScriptBuildPhase;
			buildActionMask = 2147483647;
			files = (
			);
			inputFileListPaths = (
			);
			inputPaths = (
				"${PODS_PODFILE_DIR_PATH}/Podfile.lock",
				"${PODS_ROOT}/Manifest.lock",
			);
			name = "[CP] Check Pods Manifest.lock";
			outputFileListPaths = (
			);
			outputPaths = (
				"$(DERIVED_FILE_DIR)/Pods-App-like-Uber-Firebase-backend-checkManifestLockResult.txt",
			);
			runOnlyForDeploymentPostprocessing = 0;
			shellPath = /bin/sh;
			shellScript = "diff \"${PODS_PODFILE_DIR_PATH}/Podfile.lock\" \"${PODS_ROOT}/Manifest.lock\" > /dev/null\nif [ $? != 0 ] ; then\n    # print error to STDERR\n    echo \"error: The sandbox is not in sync with the Podfile.lock. Run 'pod install' or update your CocoaPods installation.\" >&2\n    exit 1\nfi\n# This output is used by Xcode 'outputs' to avoid re-running this script phase.\necho \"SUCCESS\" > \"${SCRIPT_OUTPUT_FILE_0}\"\n";
			showEnvVarsInLog = 0;
		};
		C07FBB039668A543C3B17940 /* [CP] Embed Pods Frameworks */ = {
			isa = PBXShellScriptBuildPhase;
			buildActionMask = 2147483647;
			files = (
			);
			inputFileListPaths = (
				"${PODS_ROOT}/Target Support Files/Pods-App-like-Uber-Firebase-backend/Pods-App-like-Uber-Firebase-backend-frameworks-${CONFIGURATION}-input-files.xcfilelist",
			);
			name = "[CP] Embed Pods Frameworks";
			outputFileListPaths = (
				"${PODS_ROOT}/Target Support Files/Pods-App-like-Uber-Firebase-backend/Pods-App-like-Uber-Firebase-backend-frameworks-${CONFIGURATION}-output-files.xcfilelist",
			);
			runOnlyForDeploymentPostprocessing = 0;
			shellPath = /bin/sh;
			shellScript = "\"${PODS_ROOT}/Target Support Files/Pods-App-like-Uber-Firebase-backend/Pods-App-like-Uber-Firebase-backend-frameworks.sh\"\n";
			showEnvVarsInLog = 0;
		};
/* End PBXShellScriptBuildPhase section */

/* Begin PBXSourcesBuildPhase section */
		DA59346F29E18AF80005A9B9 /* Sources */ = {
			isa = PBXSourcesBuildPhase;
			buildActionMask = 2147483647;
			files = (
				DABCD7C529EA8CE800CB5A80 /* SignUpController.swift in Sources */,
				DABCD7C729EA99F900CB5A80 /* AuthButton.swift in Sources */,
				DAD66A4B29ED90ED00B6BF5A /* HomeController.swift in Sources */,
				DA9B9A1E29EEC84F000E2371 /* LocationInputView.swift in Sources */,
				DABB356B29E5AE44006212F6 /* Extentions.swift in Sources */,
				DA59347729E18AF80005A9B9 /* AppDelegate.swift in Sources */,
				DAB67CAE29F032D50085BF92 /* LocationCell.swift in Sources */,
				DAAC9BD62A02E50C00FEB364 /* LocationHandler.swift in Sources */,
				DA59349029E18FE80005A9B9 /* LoginController.swift in Sources */,
				DAB9955B29F18F54009EBA93 /* User.swift in Sources */,
				DAB9955929F177AA009EBA93 /* Service.swift in Sources */,
				DA9B9A1C29EEB23E000E2371 /* LocationInputActivationView.swift in Sources */,
				DA59347929E18AF80005A9B9 /* SceneDelegate.swift in Sources */,
			);
			runOnlyForDeploymentPostprocessing = 0;
		};
/* End PBXSourcesBuildPhase section */

/* Begin PBXVariantGroup section */
		DA59347C29E18AF80005A9B9 /* Main.storyboard */ = {
			isa = PBXVariantGroup;
			children = (
				DA59347D29E18AF80005A9B9 /* Base */,
			);
			name = Main.storyboard;
			sourceTree = "<group>";
		};
		DA59348129E18AFA0005A9B9 /* LaunchScreen.storyboard */ = {
			isa = PBXVariantGroup;
			children = (
				DA59348229E18AFA0005A9B9 /* Base */,
			);
			name = LaunchScreen.storyboard;
			sourceTree = "<group>";
		};
/* End PBXVariantGroup section */

/* Begin XCBuildConfiguration section */
		DA59348529E18AFA0005A9B9 /* Debug */ = {
			isa = XCBuildConfiguration;
			buildSettings = {
				ALWAYS_SEARCH_USER_PATHS = NO;
				CLANG_ANALYZER_NONNULL = YES;
				CLANG_ANALYZER_NUMBER_OBJECT_CONVERSION = YES_AGGRESSIVE;
				CLANG_CXX_LANGUAGE_STANDARD = "gnu++20";
				CLANG_ENABLE_MODULES = YES;
				CLANG_ENABLE_OBJC_ARC = YES;
				CLANG_ENABLE_OBJC_WEAK = YES;
				CLANG_WARN_BLOCK_CAPTURE_AUTORELEASING = YES;
				CLANG_WARN_BOOL_CONVERSION = YES;
				CLANG_WARN_COMMA = YES;
				CLANG_WARN_CONSTANT_CONVERSION = YES;
				CLANG_WARN_DEPRECATED_OBJC_IMPLEMENTATIONS = YES;
				CLANG_WARN_DIRECT_OBJC_ISA_USAGE = YES_ERROR;
				CLANG_WARN_DOCUMENTATION_COMMENTS = YES;
				CLANG_WARN_EMPTY_BODY = YES;
				CLANG_WARN_ENUM_CONVERSION = YES;
				CLANG_WARN_INFINITE_RECURSION = YES;
				CLANG_WARN_INT_CONVERSION = YES;
				CLANG_WARN_NON_LITERAL_NULL_CONVERSION = YES;
				CLANG_WARN_OBJC_IMPLICIT_RETAIN_SELF = YES;
				CLANG_WARN_OBJC_LITERAL_CONVERSION = YES;
				CLANG_WARN_OBJC_ROOT_CLASS = YES_ERROR;
				CLANG_WARN_QUOTED_INCLUDE_IN_FRAMEWORK_HEADER = YES;
				CLANG_WARN_RANGE_LOOP_ANALYSIS = YES;
				CLANG_WARN_STRICT_PROTOTYPES = YES;
				CLANG_WARN_SUSPICIOUS_MOVE = YES;
				CLANG_WARN_UNGUARDED_AVAILABILITY = YES_AGGRESSIVE;
				CLANG_WARN_UNREACHABLE_CODE = YES;
				CLANG_WARN__DUPLICATE_METHOD_MATCH = YES;
				COPY_PHASE_STRIP = NO;
				DEBUG_INFORMATION_FORMAT = dwarf;
				ENABLE_STRICT_OBJC_MSGSEND = YES;
				ENABLE_TESTABILITY = YES;
				GCC_C_LANGUAGE_STANDARD = gnu11;
				GCC_DYNAMIC_NO_PIC = NO;
				GCC_NO_COMMON_BLOCKS = YES;
				GCC_OPTIMIZATION_LEVEL = 0;
				GCC_PREPROCESSOR_DEFINITIONS = (
					"DEBUG=1",
					"$(inherited)",
				);
				GCC_WARN_64_TO_32_BIT_CONVERSION = YES;
				GCC_WARN_ABOUT_RETURN_TYPE = YES_ERROR;
				GCC_WARN_UNDECLARED_SELECTOR = YES;
				GCC_WARN_UNINITIALIZED_AUTOS = YES_AGGRESSIVE;
				GCC_WARN_UNUSED_FUNCTION = YES;
				GCC_WARN_UNUSED_VARIABLE = YES;
				IPHONEOS_DEPLOYMENT_TARGET = 16.4;
				MTL_ENABLE_DEBUG_INFO = INCLUDE_SOURCE;
				MTL_FAST_MATH = YES;
				ONLY_ACTIVE_ARCH = YES;
				SDKROOT = iphoneos;
				SWIFT_ACTIVE_COMPILATION_CONDITIONS = DEBUG;
				SWIFT_OPTIMIZATION_LEVEL = "-Onone";
			};
			name = Debug;
		};
		DA59348629E18AFA0005A9B9 /* Release */ = {
			isa = XCBuildConfiguration;
			buildSettings = {
				ALWAYS_SEARCH_USER_PATHS = NO;
				CLANG_ANALYZER_NONNULL = YES;
				CLANG_ANALYZER_NUMBER_OBJECT_CONVERSION = YES_AGGRESSIVE;
				CLANG_CXX_LANGUAGE_STANDARD = "gnu++20";
				CLANG_ENABLE_MODULES = YES;
				CLANG_ENABLE_OBJC_ARC = YES;
				CLANG_ENABLE_OBJC_WEAK = YES;
				CLANG_WARN_BLOCK_CAPTURE_AUTORELEASING = YES;
				CLANG_WARN_BOOL_CONVERSION = YES;
				CLANG_WARN_COMMA = YES;
				CLANG_WARN_CONSTANT_CONVERSION = YES;
				CLANG_WARN_DEPRECATED_OBJC_IMPLEMENTATIONS = YES;
				CLANG_WARN_DIRECT_OBJC_ISA_USAGE = YES_ERROR;
				CLANG_WARN_DOCUMENTATION_COMMENTS = YES;
				CLANG_WARN_EMPTY_BODY = YES;
				CLANG_WARN_ENUM_CONVERSION = YES;
				CLANG_WARN_INFINITE_RECURSION = YES;
				CLANG_WARN_INT_CONVERSION = YES;
				CLANG_WARN_NON_LITERAL_NULL_CONVERSION = YES;
				CLANG_WARN_OBJC_IMPLICIT_RETAIN_SELF = YES;
				CLANG_WARN_OBJC_LITERAL_CONVERSION = YES;
				CLANG_WARN_OBJC_ROOT_CLASS = YES_ERROR;
				CLANG_WARN_QUOTED_INCLUDE_IN_FRAMEWORK_HEADER = YES;
				CLANG_WARN_RANGE_LOOP_ANALYSIS = YES;
				CLANG_WARN_STRICT_PROTOTYPES = YES;
				CLANG_WARN_SUSPICIOUS_MOVE = YES;
				CLANG_WARN_UNGUARDED_AVAILABILITY = YES_AGGRESSIVE;
				CLANG_WARN_UNREACHABLE_CODE = YES;
				CLANG_WARN__DUPLICATE_METHOD_MATCH = YES;
				COPY_PHASE_STRIP = NO;
				DEBUG_INFORMATION_FORMAT = "dwarf-with-dsym";
				ENABLE_NS_ASSERTIONS = NO;
				ENABLE_STRICT_OBJC_MSGSEND = YES;
				GCC_C_LANGUAGE_STANDARD = gnu11;
				GCC_NO_COMMON_BLOCKS = YES;
				GCC_WARN_64_TO_32_BIT_CONVERSION = YES;
				GCC_WARN_ABOUT_RETURN_TYPE = YES_ERROR;
				GCC_WARN_UNDECLARED_SELECTOR = YES;
				GCC_WARN_UNINITIALIZED_AUTOS = YES_AGGRESSIVE;
				GCC_WARN_UNUSED_FUNCTION = YES;
				GCC_WARN_UNUSED_VARIABLE = YES;
				IPHONEOS_DEPLOYMENT_TARGET = 16.4;
				MTL_ENABLE_DEBUG_INFO = NO;
				MTL_FAST_MATH = YES;
				SDKROOT = iphoneos;
				SWIFT_COMPILATION_MODE = wholemodule;
				SWIFT_OPTIMIZATION_LEVEL = "-O";
				VALIDATE_PRODUCT = YES;
			};
			name = Release;
		};
		DA59348829E18AFA0005A9B9 /* Debug */ = {
			isa = XCBuildConfiguration;
			baseConfigurationReference = 3749BE0ABE225B2E1679611D /* Pods-App-like-Uber-Firebase-backend.debug.xcconfig */;
			buildSettings = {
				ASSETCATALOG_COMPILER_APPICON_NAME = AppIcon;
				ASSETCATALOG_COMPILER_GLOBAL_ACCENT_COLOR_NAME = AccentColor;
				CODE_SIGN_STYLE = Automatic;
				CURRENT_PROJECT_VERSION = 1;
				DEVELOPMENT_TEAM = W25CN6H3TY;
				GENERATE_INFOPLIST_FILE = YES;
				INFOPLIST_FILE = "App-like-Uber-Firebase-backend/Info.plist";
				INFOPLIST_KEY_NSLocationAlwaysAndWhenInUseUsageDescription = "Please allow us to access your location so we can find you rides nearby";
				INFOPLIST_KEY_NSLocationAlwaysUsageDescription = "Please allow us to access your location so we can find you rides nearby";
				INFOPLIST_KEY_NSLocationWhenInUseUsageDescription = "Please allow us to access your location so we can find you rides nearby";
				INFOPLIST_KEY_UIApplicationSupportsIndirectInputEvents = YES;
				INFOPLIST_KEY_UILaunchStoryboardName = LaunchScreen;
				INFOPLIST_KEY_UIMainStoryboardFile = Main;
				INFOPLIST_KEY_UISupportedInterfaceOrientations = UIInterfaceOrientationPortrait;
				INFOPLIST_KEY_UISupportedInterfaceOrientations_iPad = "UIInterfaceOrientationLandscapeLeft UIInterfaceOrientationLandscapeRight UIInterfaceOrientationPortrait UIInterfaceOrientationPortraitUpsideDown";
				IPHONEOS_DEPLOYMENT_TARGET = 16.4;
				LD_RUNPATH_SEARCH_PATHS = (
					"$(inherited)",
					"@executable_path/Frameworks",
				);
				MARKETING_VERSION = 1.0;
				PRODUCT_BUNDLE_IDENTIFIER = "TazoG.App-like-Uber-Firebase-backend";
				PRODUCT_NAME = "$(TARGET_NAME)";
				SWIFT_EMIT_LOC_STRINGS = YES;
				SWIFT_VERSION = 5.0;
				TARGETED_DEVICE_FAMILY = "1,2";
				WARNING_CFLAGS = "";
			};
			name = Debug;
		};
		DA59348929E18AFA0005A9B9 /* Release */ = {
			isa = XCBuildConfiguration;
			baseConfigurationReference = 8D5C07B9F19B84467DAE9643 /* Pods-App-like-Uber-Firebase-backend.release.xcconfig */;
			buildSettings = {
				ASSETCATALOG_COMPILER_APPICON_NAME = AppIcon;
				ASSETCATALOG_COMPILER_GLOBAL_ACCENT_COLOR_NAME = AccentColor;
				CODE_SIGN_STYLE = Automatic;
				CURRENT_PROJECT_VERSION = 1;
				DEVELOPMENT_TEAM = W25CN6H3TY;
				GENERATE_INFOPLIST_FILE = YES;
				INFOPLIST_FILE = "App-like-Uber-Firebase-backend/Info.plist";
				INFOPLIST_KEY_NSLocationAlwaysAndWhenInUseUsageDescription = "Please allow us to access your location so we can find you rides nearby";
				INFOPLIST_KEY_NSLocationAlwaysUsageDescription = "Please allow us to access your location so we can find you rides nearby";
				INFOPLIST_KEY_NSLocationWhenInUseUsageDescription = "Please allow us to access your location so we can find you rides nearby";
				INFOPLIST_KEY_UIApplicationSupportsIndirectInputEvents = YES;
				INFOPLIST_KEY_UILaunchStoryboardName = LaunchScreen;
				INFOPLIST_KEY_UIMainStoryboardFile = Main;
				INFOPLIST_KEY_UISupportedInterfaceOrientations = UIInterfaceOrientationPortrait;
				INFOPLIST_KEY_UISupportedInterfaceOrientations_iPad = "UIInterfaceOrientationLandscapeLeft UIInterfaceOrientationLandscapeRight UIInterfaceOrientationPortrait UIInterfaceOrientationPortraitUpsideDown";
				IPHONEOS_DEPLOYMENT_TARGET = 16.4;
				LD_RUNPATH_SEARCH_PATHS = (
					"$(inherited)",
					"@executable_path/Frameworks",
				);
				MARKETING_VERSION = 1.0;
				PRODUCT_BUNDLE_IDENTIFIER = "TazoG.App-like-Uber-Firebase-backend";
				PRODUCT_NAME = "$(TARGET_NAME)";
				SWIFT_EMIT_LOC_STRINGS = YES;
				SWIFT_VERSION = 5.0;
				TARGETED_DEVICE_FAMILY = "1,2";
				WARNING_CFLAGS = "";
			};
			name = Release;
		};
/* End XCBuildConfiguration section */

/* Begin XCConfigurationList section */
		DA59346E29E18AF80005A9B9 /* Build configuration list for PBXProject "App-like-Uber-Firebase-backend" */ = {
			isa = XCConfigurationList;
			buildConfigurations = (
				DA59348529E18AFA0005A9B9 /* Debug */,
				DA59348629E18AFA0005A9B9 /* Release */,
			);
			defaultConfigurationIsVisible = 0;
			defaultConfigurationName = Release;
		};
		DA59348729E18AFA0005A9B9 /* Build configuration list for PBXNativeTarget "App-like-Uber-Firebase-backend" */ = {
			isa = XCConfigurationList;
			buildConfigurations = (
				DA59348829E18AFA0005A9B9 /* Debug */,
				DA59348929E18AFA0005A9B9 /* Release */,
			);
			defaultConfigurationIsVisible = 0;
			defaultConfigurationName = Release;
		};
/* End XCConfigurationList section */
	};
	rootObject = DA59346B29E18AF80005A9B9 /* Project object */;
}
