// !$*UTF8*$!
{
	archiveVersion = 1;
	classes = {
	};
	objectVersion = 56;
	objects = {

/* Begin PBXBuildFile section */
		DA59347729E18AF80005A9B9 /* AppDelegate.swift in Sources */ = {isa = PBXBuildFile; fileRef = DA59347629E18AF80005A9B9 /* AppDelegate.swift */; };
		DA59347929E18AF80005A9B9 /* SceneDelegate.swift in Sources */ = {isa = PBXBuildFile; fileRef = DA59347829E18AF80005A9B9 /* SceneDelegate.swift */; };
		DA59347E29E18AF80005A9B9 /* Main.storyboard in Resources */ = {isa = PBXBuildFile; fileRef = DA59347C29E18AF80005A9B9 /* Main.storyboard */; };
		DA59348029E18AFA0005A9B9 /* Assets.xcassets in Resources */ = {isa = PBXBuildFile; fileRef = DA59347F29E18AFA0005A9B9 /* Assets.xcassets */; };
		DA59348329E18AFA0005A9B9 /* LaunchScreen.storyboard in Resources */ = {isa = PBXBuildFile; fileRef = DA59348129E18AFA0005A9B9 /* LaunchScreen.storyboard */; };
		DA59349029E18FE80005A9B9 /* LoginController.swift in Sources */ = {isa = PBXBuildFile; fileRef = DA59348F29E18FE80005A9B9 /* LoginController.swift */; };
		DA9B9A1C29EEB23E000E2371 /* LocationInputActivationView.swift in Sources */ = {isa = PBXBuildFile; fileRef = DA9B9A1B29EEB23E000E2371 /* LocationInputActivationView.swift */; };
		DABB356B29E5AE44006212F6 /* Extentions.swift in Sources */ = {isa = PBXBuildFile; fileRef = DABB356A29E5AE44006212F6 /* Extentions.swift */; };
		DABCD7C529EA8CE800CB5A80 /* SignUpController.swift in Sources */ = {isa = PBXBuildFile; fileRef = DABCD7C429EA8CE800CB5A80 /* SignUpController.swift */; };
		DABCD7C729EA99F900CB5A80 /* AuthButton.swift in Sources */ = {isa = PBXBuildFile; fileRef = DABCD7C629EA99F900CB5A80 /* AuthButton.swift */; };
		DABCD7C929EB042900CB5A80 /* GoogleService-Info.plist in Resources */ = {isa = PBXBuildFile; fileRef = DABCD7C829EB042900CB5A80 /* GoogleService-Info.plist */; };
		DABCD7CC29EB086400CB5A80 /* FirebaseAuth in Frameworks */ = {isa = PBXBuildFile; productRef = DABCD7CB29EB086400CB5A80 /* FirebaseAuth */; };
		DABCD7CE29EB086400CB5A80 /* FirebaseAuthCombine-Community in Frameworks */ = {isa = PBXBuildFile; productRef = DABCD7CD29EB086400CB5A80 /* FirebaseAuthCombine-Community */; };
		DABCD7D029EB086400CB5A80 /* FirebaseDatabase in Frameworks */ = {isa = PBXBuildFile; productRef = DABCD7CF29EB086400CB5A80 /* FirebaseDatabase */; };
		DABCD7D229EB086400CB5A80 /* FirebaseDatabaseSwift in Frameworks */ = {isa = PBXBuildFile; productRef = DABCD7D129EB086400CB5A80 /* FirebaseDatabaseSwift */; };
		DABCD7D429EB086400CB5A80 /* FirebaseDynamicLinks in Frameworks */ = {isa = PBXBuildFile; productRef = DABCD7D329EB086400CB5A80 /* FirebaseDynamicLinks */; };
		DABCD7D629EB086400CB5A80 /* FirebaseFirestore in Frameworks */ = {isa = PBXBuildFile; productRef = DABCD7D529EB086400CB5A80 /* FirebaseFirestore */; };
		DABCD7D829EB086400CB5A80 /* FirebaseFirestoreCombine-Community in Frameworks */ = {isa = PBXBuildFile; productRef = DABCD7D729EB086400CB5A80 /* FirebaseFirestoreCombine-Community */; };
		DABCD7DA29EB086400CB5A80 /* FirebaseFirestoreSwift in Frameworks */ = {isa = PBXBuildFile; productRef = DABCD7D929EB086400CB5A80 /* FirebaseFirestoreSwift */; };
		DABCD7DC29EB086400CB5A80 /* FirebaseFunctions in Frameworks */ = {isa = PBXBuildFile; productRef = DABCD7DB29EB086400CB5A80 /* FirebaseFunctions */; };
		DABCD7DE29EB086400CB5A80 /* FirebaseFunctionsCombine-Community in Frameworks */ = {isa = PBXBuildFile; productRef = DABCD7DD29EB086400CB5A80 /* FirebaseFunctionsCombine-Community */; };
		DABCD7E029EB086400CB5A80 /* FirebaseInAppMessaging-Beta in Frameworks */ = {isa = PBXBuildFile; productRef = DABCD7DF29EB086400CB5A80 /* FirebaseInAppMessaging-Beta */; };
		DABCD7E229EB086400CB5A80 /* FirebaseInAppMessagingSwift-Beta in Frameworks */ = {isa = PBXBuildFile; productRef = DABCD7E129EB086400CB5A80 /* FirebaseInAppMessagingSwift-Beta */; };
		DABCD7E429EB086400CB5A80 /* FirebaseInstallations in Frameworks */ = {isa = PBXBuildFile; productRef = DABCD7E329EB086400CB5A80 /* FirebaseInstallations */; };
		DABCD7E629EB086400CB5A80 /* FirebaseMLModelDownloader in Frameworks */ = {isa = PBXBuildFile; productRef = DABCD7E529EB086400CB5A80 /* FirebaseMLModelDownloader */; };
		DABCD7E829EB086400CB5A80 /* FirebaseMessaging in Frameworks */ = {isa = PBXBuildFile; productRef = DABCD7E729EB086400CB5A80 /* FirebaseMessaging */; };
		DABCD7EA29EB086400CB5A80 /* FirebasePerformance in Frameworks */ = {isa = PBXBuildFile; productRef = DABCD7E929EB086400CB5A80 /* FirebasePerformance */; };
		DABCD7EC29EB086400CB5A80 /* FirebaseRemoteConfig in Frameworks */ = {isa = PBXBuildFile; productRef = DABCD7EB29EB086400CB5A80 /* FirebaseRemoteConfig */; };
		DABCD7EE29EB086400CB5A80 /* FirebaseRemoteConfigSwift in Frameworks */ = {isa = PBXBuildFile; productRef = DABCD7ED29EB086400CB5A80 /* FirebaseRemoteConfigSwift */; };
		DABCD7F029EB086400CB5A80 /* FirebaseStorage in Frameworks */ = {isa = PBXBuildFile; productRef = DABCD7EF29EB086400CB5A80 /* FirebaseStorage */; };
		DABCD7F229EB086400CB5A80 /* FirebaseStorageCombine-Community in Frameworks */ = {isa = PBXBuildFile; productRef = DABCD7F129EB086400CB5A80 /* FirebaseStorageCombine-Community */; };
		DAD66A4B29ED90ED00B6BF5A /* HomeController.swift in Sources */ = {isa = PBXBuildFile; fileRef = DAD66A4A29ED90ED00B6BF5A /* HomeController.swift */; };
/* End PBXBuildFile section */

/* Begin PBXFileReference section */
		DA59347329E18AF80005A9B9 /* App-like-Uber-Firebase-backend.app */ = {isa = PBXFileReference; explicitFileType = wrapper.application; includeInIndex = 0; path = "App-like-Uber-Firebase-backend.app"; sourceTree = BUILT_PRODUCTS_DIR; };
		DA59347629E18AF80005A9B9 /* AppDelegate.swift */ = {isa = PBXFileReference; lastKnownFileType = sourcecode.swift; path = AppDelegate.swift; sourceTree = "<group>"; };
		DA59347829E18AF80005A9B9 /* SceneDelegate.swift */ = {isa = PBXFileReference; lastKnownFileType = sourcecode.swift; path = SceneDelegate.swift; sourceTree = "<group>"; };
		DA59347D29E18AF80005A9B9 /* Base */ = {isa = PBXFileReference; lastKnownFileType = file.storyboard; name = Base; path = Base.lproj/Main.storyboard; sourceTree = "<group>"; };
		DA59347F29E18AFA0005A9B9 /* Assets.xcassets */ = {isa = PBXFileReference; lastKnownFileType = folder.assetcatalog; path = Assets.xcassets; sourceTree = "<group>"; };
		DA59348229E18AFA0005A9B9 /* Base */ = {isa = PBXFileReference; lastKnownFileType = file.storyboard; name = Base; path = Base.lproj/LaunchScreen.storyboard; sourceTree = "<group>"; };
		DA59348429E18AFA0005A9B9 /* Info.plist */ = {isa = PBXFileReference; lastKnownFileType = text.plist.xml; path = Info.plist; sourceTree = "<group>"; };
		DA59348F29E18FE80005A9B9 /* LoginController.swift */ = {isa = PBXFileReference; lastKnownFileType = sourcecode.swift; path = LoginController.swift; sourceTree = "<group>"; };
		DA9B9A1B29EEB23E000E2371 /* LocationInputActivationView.swift */ = {isa = PBXFileReference; lastKnownFileType = sourcecode.swift; path = LocationInputActivationView.swift; sourceTree = "<group>"; };
		DABB356A29E5AE44006212F6 /* Extentions.swift */ = {isa = PBXFileReference; lastKnownFileType = sourcecode.swift; path = Extentions.swift; sourceTree = "<group>"; };
		DABCD7C429EA8CE800CB5A80 /* SignUpController.swift */ = {isa = PBXFileReference; lastKnownFileType = sourcecode.swift; path = SignUpController.swift; sourceTree = "<group>"; };
		DABCD7C629EA99F900CB5A80 /* AuthButton.swift */ = {isa = PBXFileReference; lastKnownFileType = sourcecode.swift; path = AuthButton.swift; sourceTree = "<group>"; };
		DABCD7C829EB042900CB5A80 /* GoogleService-Info.plist */ = {isa = PBXFileReference; lastKnownFileType = text.plist; path = "GoogleService-Info.plist"; sourceTree = SOURCE_ROOT; };
		DAD66A4A29ED90ED00B6BF5A /* HomeController.swift */ = {isa = PBXFileReference; lastKnownFileType = sourcecode.swift; path = HomeController.swift; sourceTree = "<group>"; };
/* End PBXFileReference section */

/* Begin PBXFrameworksBuildPhase section */
		DA59347029E18AF80005A9B9 /* Frameworks */ = {
			isa = PBXFrameworksBuildPhase;
			buildActionMask = 2147483647;
			files = (
				DABCD7D229EB086400CB5A80 /* FirebaseDatabaseSwift in Frameworks */,
				DABCD7D029EB086400CB5A80 /* FirebaseDatabase in Frameworks */,
				DABCD7F229EB086400CB5A80 /* FirebaseStorageCombine-Community in Frameworks */,
				DABCD7E429EB086400CB5A80 /* FirebaseInstallations in Frameworks */,
				DABCD7EE29EB086400CB5A80 /* FirebaseRemoteConfigSwift in Frameworks */,
				DABCD7CC29EB086400CB5A80 /* FirebaseAuth in Frameworks */,
				DABCD7EC29EB086400CB5A80 /* FirebaseRemoteConfig in Frameworks */,
				DABCD7DE29EB086400CB5A80 /* FirebaseFunctionsCombine-Community in Frameworks */,
				DABCD7DC29EB086400CB5A80 /* FirebaseFunctions in Frameworks */,
				DABCD7EA29EB086400CB5A80 /* FirebasePerformance in Frameworks */,
				DABCD7F029EB086400CB5A80 /* FirebaseStorage in Frameworks */,
				DABCD7CE29EB086400CB5A80 /* FirebaseAuthCombine-Community in Frameworks */,
				DABCD7E029EB086400CB5A80 /* FirebaseInAppMessaging-Beta in Frameworks */,
				DABCD7D429EB086400CB5A80 /* FirebaseDynamicLinks in Frameworks */,
				DABCD7D629EB086400CB5A80 /* FirebaseFirestore in Frameworks */,
				DABCD7D829EB086400CB5A80 /* FirebaseFirestoreCombine-Community in Frameworks */,
				DABCD7E229EB086400CB5A80 /* FirebaseInAppMessagingSwift-Beta in Frameworks */,
				DABCD7E829EB086400CB5A80 /* FirebaseMessaging in Frameworks */,
				DABCD7DA29EB086400CB5A80 /* FirebaseFirestoreSwift in Frameworks */,
				DABCD7E629EB086400CB5A80 /* FirebaseMLModelDownloader in Frameworks */,
			);
			runOnlyForDeploymentPostprocessing = 0;
		};
/* End PBXFrameworksBuildPhase section */

/* Begin PBXGroup section */
		DA59346A29E18AF80005A9B9 = {
			isa = PBXGroup;
			children = (
				DA59347529E18AF80005A9B9 /* App-like-Uber-Firebase-backend */,
				DA59347429E18AF80005A9B9 /* Products */,
			);
			sourceTree = "<group>";
		};
		DA59347429E18AF80005A9B9 /* Products */ = {
			isa = PBXGroup;
			children = (
				DA59347329E18AF80005A9B9 /* App-like-Uber-Firebase-backend.app */,
			);
			name = Products;
			sourceTree = "<group>";
		};
		DA59347529E18AF80005A9B9 /* App-like-Uber-Firebase-backend */ = {
			isa = PBXGroup;
			children = (
				DA59348E29E18CB90005A9B9 /* Model */,
				DA59348D29E18CB60005A9B9 /* View */,
				DA59348C29E18CB30005A9B9 /* Controller */,
				DA59348B29E18CB00005A9B9 /* Service */,
				DA59348A29E18CAC0005A9B9 /* Utility */,
				DA59347629E18AF80005A9B9 /* AppDelegate.swift */,
				DA59347829E18AF80005A9B9 /* SceneDelegate.swift */,
				DA59347C29E18AF80005A9B9 /* Main.storyboard */,
				DA59347F29E18AFA0005A9B9 /* Assets.xcassets */,
				DA59348129E18AFA0005A9B9 /* LaunchScreen.storyboard */,
				DABCD7C829EB042900CB5A80 /* GoogleService-Info.plist */,
				DA59348429E18AFA0005A9B9 /* Info.plist */,
			);
			path = "App-like-Uber-Firebase-backend";
			sourceTree = "<group>";
		};
		DA59348A29E18CAC0005A9B9 /* Utility */ = {
			isa = PBXGroup;
			children = (
				DABB356A29E5AE44006212F6 /* Extentions.swift */,
			);
			path = Utility;
			sourceTree = "<group>";
		};
		DA59348B29E18CB00005A9B9 /* Service */ = {
			isa = PBXGroup;
			children = (
			);
			path = Service;
			sourceTree = "<group>";
		};
		DA59348C29E18CB30005A9B9 /* Controller */ = {
			isa = PBXGroup;
			children = (
				DA59348F29E18FE80005A9B9 /* LoginController.swift */,
				DABCD7C429EA8CE800CB5A80 /* SignUpController.swift */,
				DAD66A4A29ED90ED00B6BF5A /* HomeController.swift */,
			);
			path = Controller;
			sourceTree = "<group>";
		};
		DA59348D29E18CB60005A9B9 /* View */ = {
			isa = PBXGroup;
			children = (
				DABCD7C629EA99F900CB5A80 /* AuthButton.swift */,
				DA9B9A1B29EEB23E000E2371 /* LocationInputActivationView.swift */,
			);
			path = View;
			sourceTree = "<group>";
		};
		DA59348E29E18CB90005A9B9 /* Model */ = {
			isa = PBXGroup;
			children = (
			);
			path = Model;
			sourceTree = "<group>";
		};
/* End PBXGroup section */

/* Begin PBXNativeTarget section */
		DA59347229E18AF80005A9B9 /* App-like-Uber-Firebase-backend */ = {
			isa = PBXNativeTarget;
			buildConfigurationList = DA59348729E18AFA0005A9B9 /* Build configuration list for PBXNativeTarget "App-like-Uber-Firebase-backend" */;
			buildPhases = (
				DA59346F29E18AF80005A9B9 /* Sources */,
				DA59347029E18AF80005A9B9 /* Frameworks */,
				DA59347129E18AF80005A9B9 /* Resources */,
			);
			buildRules = (
			);
			dependencies = (
			);
			name = "App-like-Uber-Firebase-backend";
			packageProductDependencies = (
				DABCD7CB29EB086400CB5A80 /* FirebaseAuth */,
				DABCD7CD29EB086400CB5A80 /* FirebaseAuthCombine-Community */,
				DABCD7CF29EB086400CB5A80 /* FirebaseDatabase */,
				DABCD7D129EB086400CB5A80 /* FirebaseDatabaseSwift */,
				DABCD7D329EB086400CB5A80 /* FirebaseDynamicLinks */,
				DABCD7D529EB086400CB5A80 /* FirebaseFirestore */,
				DABCD7D729EB086400CB5A80 /* FirebaseFirestoreCombine-Community */,
				DABCD7D929EB086400CB5A80 /* FirebaseFirestoreSwift */,
				DABCD7DB29EB086400CB5A80 /* FirebaseFunctions */,
				DABCD7DD29EB086400CB5A80 /* FirebaseFunctionsCombine-Community */,
				DABCD7DF29EB086400CB5A80 /* FirebaseInAppMessaging-Beta */,
				DABCD7E129EB086400CB5A80 /* FirebaseInAppMessagingSwift-Beta */,
				DABCD7E329EB086400CB5A80 /* FirebaseInstallations */,
				DABCD7E529EB086400CB5A80 /* FirebaseMLModelDownloader */,
				DABCD7E729EB086400CB5A80 /* FirebaseMessaging */,
				DABCD7E929EB086400CB5A80 /* FirebasePerformance */,
				DABCD7EB29EB086400CB5A80 /* FirebaseRemoteConfig */,
				DABCD7ED29EB086400CB5A80 /* FirebaseRemoteConfigSwift */,
				DABCD7EF29EB086400CB5A80 /* FirebaseStorage */,
				DABCD7F129EB086400CB5A80 /* FirebaseStorageCombine-Community */,
			);
			productName = "App-like-Uber-Firebase-backend";
			productReference = DA59347329E18AF80005A9B9 /* App-like-Uber-Firebase-backend.app */;
			productType = "com.apple.product-type.application";
		};
/* End PBXNativeTarget section */

/* Begin PBXProject section */
		DA59346B29E18AF80005A9B9 /* Project object */ = {
			isa = PBXProject;
			attributes = {
				BuildIndependentTargetsInParallel = 1;
				LastSwiftUpdateCheck = 1430;
				LastUpgradeCheck = 1430;
				TargetAttributes = {
					DA59347229E18AF80005A9B9 = {
						CreatedOnToolsVersion = 14.3;
					};
				};
			};
			buildConfigurationList = DA59346E29E18AF80005A9B9 /* Build configuration list for PBXProject "App-like-Uber-Firebase-backend" */;
			compatibilityVersion = "Xcode 14.0";
			developmentRegion = en;
			hasScannedForEncodings = 0;
			knownRegions = (
				en,
				Base,
			);
			mainGroup = DA59346A29E18AF80005A9B9;
			packageReferences = (
				DABCD7CA29EB086400CB5A80 /* XCRemoteSwiftPackageReference "firebase-ios-sdk" */,
			);
			productRefGroup = DA59347429E18AF80005A9B9 /* Products */;
			projectDirPath = "";
			projectRoot = "";
			targets = (
				DA59347229E18AF80005A9B9 /* App-like-Uber-Firebase-backend */,
			);
		};
/* End PBXProject section */

/* Begin PBXResourcesBuildPhase section */
		DA59347129E18AF80005A9B9 /* Resources */ = {
			isa = PBXResourcesBuildPhase;
			buildActionMask = 2147483647;
			files = (
				DA59348329E18AFA0005A9B9 /* LaunchScreen.storyboard in Resources */,
				DABCD7C929EB042900CB5A80 /* GoogleService-Info.plist in Resources */,
				DA59348029E18AFA0005A9B9 /* Assets.xcassets in Resources */,
				DA59347E29E18AF80005A9B9 /* Main.storyboard in Resources */,
			);
			runOnlyForDeploymentPostprocessing = 0;
		};
/* End PBXResourcesBuildPhase section */

/* Begin PBXSourcesBuildPhase section */
		DA59346F29E18AF80005A9B9 /* Sources */ = {
			isa = PBXSourcesBuildPhase;
			buildActionMask = 2147483647;
			files = (
				DABCD7C529EA8CE800CB5A80 /* SignUpController.swift in Sources */,
				DABCD7C729EA99F900CB5A80 /* AuthButton.swift in Sources */,
				DAD66A4B29ED90ED00B6BF5A /* HomeController.swift in Sources */,
				DABB356B29E5AE44006212F6 /* Extentions.swift in Sources */,
				DA59347729E18AF80005A9B9 /* AppDelegate.swift in Sources */,
				DA59349029E18FE80005A9B9 /* LoginController.swift in Sources */,
				DA9B9A1C29EEB23E000E2371 /* LocationInputActivationView.swift in Sources */,
				DA59347929E18AF80005A9B9 /* SceneDelegate.swift in Sources */,
			);
			runOnlyForDeploymentPostprocessing = 0;
		};
/* End PBXSourcesBuildPhase section */

/* Begin PBXVariantGroup section */
		DA59347C29E18AF80005A9B9 /* Main.storyboard */ = {
			isa = PBXVariantGroup;
			children = (
				DA59347D29E18AF80005A9B9 /* Base */,
			);
			name = Main.storyboard;
			sourceTree = "<group>";
		};
		DA59348129E18AFA0005A9B9 /* LaunchScreen.storyboard */ = {
			isa = PBXVariantGroup;
			children = (
				DA59348229E18AFA0005A9B9 /* Base */,
			);
			name = LaunchScreen.storyboard;
			sourceTree = "<group>";
		};
/* End PBXVariantGroup section */

/* Begin XCBuildConfiguration section */
		DA59348529E18AFA0005A9B9 /* Debug */ = {
			isa = XCBuildConfiguration;
			buildSettings = {
				ALWAYS_SEARCH_USER_PATHS = NO;
				CLANG_ANALYZER_NONNULL = YES;
				CLANG_ANALYZER_NUMBER_OBJECT_CONVERSION = YES_AGGRESSIVE;
				CLANG_CXX_LANGUAGE_STANDARD = "gnu++20";
				CLANG_ENABLE_MODULES = YES;
				CLANG_ENABLE_OBJC_ARC = YES;
				CLANG_ENABLE_OBJC_WEAK = YES;
				CLANG_WARN_BLOCK_CAPTURE_AUTORELEASING = YES;
				CLANG_WARN_BOOL_CONVERSION = YES;
				CLANG_WARN_COMMA = YES;
				CLANG_WARN_CONSTANT_CONVERSION = YES;
				CLANG_WARN_DEPRECATED_OBJC_IMPLEMENTATIONS = YES;
				CLANG_WARN_DIRECT_OBJC_ISA_USAGE = YES_ERROR;
				CLANG_WARN_DOCUMENTATION_COMMENTS = YES;
				CLANG_WARN_EMPTY_BODY = YES;
				CLANG_WARN_ENUM_CONVERSION = YES;
				CLANG_WARN_INFINITE_RECURSION = YES;
				CLANG_WARN_INT_CONVERSION = YES;
				CLANG_WARN_NON_LITERAL_NULL_CONVERSION = YES;
				CLANG_WARN_OBJC_IMPLICIT_RETAIN_SELF = YES;
				CLANG_WARN_OBJC_LITERAL_CONVERSION = YES;
				CLANG_WARN_OBJC_ROOT_CLASS = YES_ERROR;
				CLANG_WARN_QUOTED_INCLUDE_IN_FRAMEWORK_HEADER = YES;
				CLANG_WARN_RANGE_LOOP_ANALYSIS = YES;
				CLANG_WARN_STRICT_PROTOTYPES = YES;
				CLANG_WARN_SUSPICIOUS_MOVE = YES;
				CLANG_WARN_UNGUARDED_AVAILABILITY = YES_AGGRESSIVE;
				CLANG_WARN_UNREACHABLE_CODE = YES;
				CLANG_WARN__DUPLICATE_METHOD_MATCH = YES;
				COPY_PHASE_STRIP = NO;
				DEBUG_INFORMATION_FORMAT = dwarf;
				ENABLE_STRICT_OBJC_MSGSEND = YES;
				ENABLE_TESTABILITY = YES;
				GCC_C_LANGUAGE_STANDARD = gnu11;
				GCC_DYNAMIC_NO_PIC = NO;
				GCC_NO_COMMON_BLOCKS = YES;
				GCC_OPTIMIZATION_LEVEL = 0;
				GCC_PREPROCESSOR_DEFINITIONS = (
					"DEBUG=1",
					"$(inherited)",
				);
				GCC_WARN_64_TO_32_BIT_CONVERSION = YES;
				GCC_WARN_ABOUT_RETURN_TYPE = YES_ERROR;
				GCC_WARN_UNDECLARED_SELECTOR = YES;
				GCC_WARN_UNINITIALIZED_AUTOS = YES_AGGRESSIVE;
				GCC_WARN_UNUSED_FUNCTION = YES;
				GCC_WARN_UNUSED_VARIABLE = YES;
				IPHONEOS_DEPLOYMENT_TARGET = 16.4;
				MTL_ENABLE_DEBUG_INFO = INCLUDE_SOURCE;
				MTL_FAST_MATH = YES;
				ONLY_ACTIVE_ARCH = YES;
				SDKROOT = iphoneos;
				SWIFT_ACTIVE_COMPILATION_CONDITIONS = DEBUG;
				SWIFT_OPTIMIZATION_LEVEL = "-Onone";
			};
			name = Debug;
		};
		DA59348629E18AFA0005A9B9 /* Release */ = {
			isa = XCBuildConfiguration;
			buildSettings = {
				ALWAYS_SEARCH_USER_PATHS = NO;
				CLANG_ANALYZER_NONNULL = YES;
				CLANG_ANALYZER_NUMBER_OBJECT_CONVERSION = YES_AGGRESSIVE;
				CLANG_CXX_LANGUAGE_STANDARD = "gnu++20";
				CLANG_ENABLE_MODULES = YES;
				CLANG_ENABLE_OBJC_ARC = YES;
				CLANG_ENABLE_OBJC_WEAK = YES;
				CLANG_WARN_BLOCK_CAPTURE_AUTORELEASING = YES;
				CLANG_WARN_BOOL_CONVERSION = YES;
				CLANG_WARN_COMMA = YES;
				CLANG_WARN_CONSTANT_CONVERSION = YES;
				CLANG_WARN_DEPRECATED_OBJC_IMPLEMENTATIONS = YES;
				CLANG_WARN_DIRECT_OBJC_ISA_USAGE = YES_ERROR;
				CLANG_WARN_DOCUMENTATION_COMMENTS = YES;
				CLANG_WARN_EMPTY_BODY = YES;
				CLANG_WARN_ENUM_CONVERSION = YES;
				CLANG_WARN_INFINITE_RECURSION = YES;
				CLANG_WARN_INT_CONVERSION = YES;
				CLANG_WARN_NON_LITERAL_NULL_CONVERSION = YES;
				CLANG_WARN_OBJC_IMPLICIT_RETAIN_SELF = YES;
				CLANG_WARN_OBJC_LITERAL_CONVERSION = YES;
				CLANG_WARN_OBJC_ROOT_CLASS = YES_ERROR;
				CLANG_WARN_QUOTED_INCLUDE_IN_FRAMEWORK_HEADER = YES;
				CLANG_WARN_RANGE_LOOP_ANALYSIS = YES;
				CLANG_WARN_STRICT_PROTOTYPES = YES;
				CLANG_WARN_SUSPICIOUS_MOVE = YES;
				CLANG_WARN_UNGUARDED_AVAILABILITY = YES_AGGRESSIVE;
				CLANG_WARN_UNREACHABLE_CODE = YES;
				CLANG_WARN__DUPLICATE_METHOD_MATCH = YES;
				COPY_PHASE_STRIP = NO;
				DEBUG_INFORMATION_FORMAT = "dwarf-with-dsym";
				ENABLE_NS_ASSERTIONS = NO;
				ENABLE_STRICT_OBJC_MSGSEND = YES;
				GCC_C_LANGUAGE_STANDARD = gnu11;
				GCC_NO_COMMON_BLOCKS = YES;
				GCC_WARN_64_TO_32_BIT_CONVERSION = YES;
				GCC_WARN_ABOUT_RETURN_TYPE = YES_ERROR;
				GCC_WARN_UNDECLARED_SELECTOR = YES;
				GCC_WARN_UNINITIALIZED_AUTOS = YES_AGGRESSIVE;
				GCC_WARN_UNUSED_FUNCTION = YES;
				GCC_WARN_UNUSED_VARIABLE = YES;
				IPHONEOS_DEPLOYMENT_TARGET = 16.4;
				MTL_ENABLE_DEBUG_INFO = NO;
				MTL_FAST_MATH = YES;
				SDKROOT = iphoneos;
				SWIFT_COMPILATION_MODE = wholemodule;
				SWIFT_OPTIMIZATION_LEVEL = "-O";
				VALIDATE_PRODUCT = YES;
			};
			name = Release;
		};
		DA59348829E18AFA0005A9B9 /* Debug */ = {
			isa = XCBuildConfiguration;
			buildSettings = {
				ASSETCATALOG_COMPILER_APPICON_NAME = AppIcon;
				ASSETCATALOG_COMPILER_GLOBAL_ACCENT_COLOR_NAME = AccentColor;
				CODE_SIGN_STYLE = Automatic;
				CURRENT_PROJECT_VERSION = 1;
				DEVELOPMENT_TEAM = W25CN6H3TY;
				GENERATE_INFOPLIST_FILE = YES;
				INFOPLIST_FILE = "App-like-Uber-Firebase-backend/Info.plist";
				INFOPLIST_KEY_UIApplicationSupportsIndirectInputEvents = YES;
				INFOPLIST_KEY_UILaunchStoryboardName = LaunchScreen;
				INFOPLIST_KEY_UIMainStoryboardFile = Main;
				INFOPLIST_KEY_UISupportedInterfaceOrientations_iPad = "UIInterfaceOrientationPortrait UIInterfaceOrientationPortraitUpsideDown UIInterfaceOrientationLandscapeLeft UIInterfaceOrientationLandscapeRight";
				INFOPLIST_KEY_UISupportedInterfaceOrientations_iPhone = "UIInterfaceOrientationPortrait UIInterfaceOrientationLandscapeLeft UIInterfaceOrientationLandscapeRight";
				LD_RUNPATH_SEARCH_PATHS = (
					"$(inherited)",
					"@executable_path/Frameworks",
				);
				MARKETING_VERSION = 1.0;
				PRODUCT_BUNDLE_IDENTIFIER = "TazoG.App-like-Uber-Firebase-backend";
				PRODUCT_NAME = "$(TARGET_NAME)";
				SWIFT_EMIT_LOC_STRINGS = YES;
				SWIFT_VERSION = 5.0;
				TARGETED_DEVICE_FAMILY = "1,2";
			};
			name = Debug;
		};
		DA59348929E18AFA0005A9B9 /* Release */ = {
			isa = XCBuildConfiguration;
			buildSettings = {
				ASSETCATALOG_COMPILER_APPICON_NAME = AppIcon;
				ASSETCATALOG_COMPILER_GLOBAL_ACCENT_COLOR_NAME = AccentColor;
				CODE_SIGN_STYLE = Automatic;
				CURRENT_PROJECT_VERSION = 1;
				DEVELOPMENT_TEAM = W25CN6H3TY;
				GENERATE_INFOPLIST_FILE = YES;
				INFOPLIST_FILE = "App-like-Uber-Firebase-backend/Info.plist";
				INFOPLIST_KEY_UIApplicationSupportsIndirectInputEvents = YES;
				INFOPLIST_KEY_UILaunchStoryboardName = LaunchScreen;
				INFOPLIST_KEY_UIMainStoryboardFile = Main;
				INFOPLIST_KEY_UISupportedInterfaceOrientations_iPad = "UIInterfaceOrientationPortrait UIInterfaceOrientationPortraitUpsideDown UIInterfaceOrientationLandscapeLeft UIInterfaceOrientationLandscapeRight";
				INFOPLIST_KEY_UISupportedInterfaceOrientations_iPhone = "UIInterfaceOrientationPortrait UIInterfaceOrientationLandscapeLeft UIInterfaceOrientationLandscapeRight";
				LD_RUNPATH_SEARCH_PATHS = (
					"$(inherited)",
					"@executable_path/Frameworks",
				);
				MARKETING_VERSION = 1.0;
				PRODUCT_BUNDLE_IDENTIFIER = "TazoG.App-like-Uber-Firebase-backend";
				PRODUCT_NAME = "$(TARGET_NAME)";
				SWIFT_EMIT_LOC_STRINGS = YES;
				SWIFT_VERSION = 5.0;
				TARGETED_DEVICE_FAMILY = "1,2";
			};
			name = Release;
		};
/* End XCBuildConfiguration section */

/* Begin XCConfigurationList section */
		DA59346E29E18AF80005A9B9 /* Build configuration list for PBXProject "App-like-Uber-Firebase-backend" */ = {
			isa = XCConfigurationList;
			buildConfigurations = (
				DA59348529E18AFA0005A9B9 /* Debug */,
				DA59348629E18AFA0005A9B9 /* Release */,
			);
			defaultConfigurationIsVisible = 0;
			defaultConfigurationName = Release;
		};
		DA59348729E18AFA0005A9B9 /* Build configuration list for PBXNativeTarget "App-like-Uber-Firebase-backend" */ = {
			isa = XCConfigurationList;
			buildConfigurations = (
				DA59348829E18AFA0005A9B9 /* Debug */,
				DA59348929E18AFA0005A9B9 /* Release */,
			);
			defaultConfigurationIsVisible = 0;
			defaultConfigurationName = Release;
		};
/* End XCConfigurationList section */

/* Begin XCRemoteSwiftPackageReference section */
		DABCD7CA29EB086400CB5A80 /* XCRemoteSwiftPackageReference "firebase-ios-sdk" */ = {
			isa = XCRemoteSwiftPackageReference;
			repositoryURL = "https://github.com/firebase/firebase-ios-sdk";
			requirement = {
				kind = upToNextMajorVersion;
				minimumVersion = 10.0.0;
			};
		};
/* End XCRemoteSwiftPackageReference section */

/* Begin XCSwiftPackageProductDependency section */
		DABCD7CB29EB086400CB5A80 /* FirebaseAuth */ = {
			isa = XCSwiftPackageProductDependency;
			package = DABCD7CA29EB086400CB5A80 /* XCRemoteSwiftPackageReference "firebase-ios-sdk" */;
			productName = FirebaseAuth;
		};
		DABCD7CD29EB086400CB5A80 /* FirebaseAuthCombine-Community */ = {
			isa = XCSwiftPackageProductDependency;
			package = DABCD7CA29EB086400CB5A80 /* XCRemoteSwiftPackageReference "firebase-ios-sdk" */;
			productName = "FirebaseAuthCombine-Community";
		};
		DABCD7CF29EB086400CB5A80 /* FirebaseDatabase */ = {
			isa = XCSwiftPackageProductDependency;
			package = DABCD7CA29EB086400CB5A80 /* XCRemoteSwiftPackageReference "firebase-ios-sdk" */;
			productName = FirebaseDatabase;
		};
		DABCD7D129EB086400CB5A80 /* FirebaseDatabaseSwift */ = {
			isa = XCSwiftPackageProductDependency;
			package = DABCD7CA29EB086400CB5A80 /* XCRemoteSwiftPackageReference "firebase-ios-sdk" */;
			productName = FirebaseDatabaseSwift;
		};
		DABCD7D329EB086400CB5A80 /* FirebaseDynamicLinks */ = {
			isa = XCSwiftPackageProductDependency;
			package = DABCD7CA29EB086400CB5A80 /* XCRemoteSwiftPackageReference "firebase-ios-sdk" */;
			productName = FirebaseDynamicLinks;
		};
		DABCD7D529EB086400CB5A80 /* FirebaseFirestore */ = {
			isa = XCSwiftPackageProductDependency;
			package = DABCD7CA29EB086400CB5A80 /* XCRemoteSwiftPackageReference "firebase-ios-sdk" */;
			productName = FirebaseFirestore;
		};
		DABCD7D729EB086400CB5A80 /* FirebaseFirestoreCombine-Community */ = {
			isa = XCSwiftPackageProductDependency;
			package = DABCD7CA29EB086400CB5A80 /* XCRemoteSwiftPackageReference "firebase-ios-sdk" */;
			productName = "FirebaseFirestoreCombine-Community";
		};
		DABCD7D929EB086400CB5A80 /* FirebaseFirestoreSwift */ = {
			isa = XCSwiftPackageProductDependency;
			package = DABCD7CA29EB086400CB5A80 /* XCRemoteSwiftPackageReference "firebase-ios-sdk" */;
			productName = FirebaseFirestoreSwift;
		};
		DABCD7DB29EB086400CB5A80 /* FirebaseFunctions */ = {
			isa = XCSwiftPackageProductDependency;
			package = DABCD7CA29EB086400CB5A80 /* XCRemoteSwiftPackageReference "firebase-ios-sdk" */;
			productName = FirebaseFunctions;
		};
		DABCD7DD29EB086400CB5A80 /* FirebaseFunctionsCombine-Community */ = {
			isa = XCSwiftPackageProductDependency;
			package = DABCD7CA29EB086400CB5A80 /* XCRemoteSwiftPackageReference "firebase-ios-sdk" */;
			productName = "FirebaseFunctionsCombine-Community";
		};
		DABCD7DF29EB086400CB5A80 /* FirebaseInAppMessaging-Beta */ = {
			isa = XCSwiftPackageProductDependency;
			package = DABCD7CA29EB086400CB5A80 /* XCRemoteSwiftPackageReference "firebase-ios-sdk" */;
			productName = "FirebaseInAppMessaging-Beta";
		};
		DABCD7E129EB086400CB5A80 /* FirebaseInAppMessagingSwift-Beta */ = {
			isa = XCSwiftPackageProductDependency;
			package = DABCD7CA29EB086400CB5A80 /* XCRemoteSwiftPackageReference "firebase-ios-sdk" */;
			productName = "FirebaseInAppMessagingSwift-Beta";
		};
		DABCD7E329EB086400CB5A80 /* FirebaseInstallations */ = {
			isa = XCSwiftPackageProductDependency;
			package = DABCD7CA29EB086400CB5A80 /* XCRemoteSwiftPackageReference "firebase-ios-sdk" */;
			productName = FirebaseInstallations;
		};
		DABCD7E529EB086400CB5A80 /* FirebaseMLModelDownloader */ = {
			isa = XCSwiftPackageProductDependency;
			package = DABCD7CA29EB086400CB5A80 /* XCRemoteSwiftPackageReference "firebase-ios-sdk" */;
			productName = FirebaseMLModelDownloader;
		};
		DABCD7E729EB086400CB5A80 /* FirebaseMessaging */ = {
			isa = XCSwiftPackageProductDependency;
			package = DABCD7CA29EB086400CB5A80 /* XCRemoteSwiftPackageReference "firebase-ios-sdk" */;
			productName = FirebaseMessaging;
		};
		DABCD7E929EB086400CB5A80 /* FirebasePerformance */ = {
			isa = XCSwiftPackageProductDependency;
			package = DABCD7CA29EB086400CB5A80 /* XCRemoteSwiftPackageReference "firebase-ios-sdk" */;
			productName = FirebasePerformance;
		};
		DABCD7EB29EB086400CB5A80 /* FirebaseRemoteConfig */ = {
			isa = XCSwiftPackageProductDependency;
			package = DABCD7CA29EB086400CB5A80 /* XCRemoteSwiftPackageReference "firebase-ios-sdk" */;
			productName = FirebaseRemoteConfig;
		};
		DABCD7ED29EB086400CB5A80 /* FirebaseRemoteConfigSwift */ = {
			isa = XCSwiftPackageProductDependency;
			package = DABCD7CA29EB086400CB5A80 /* XCRemoteSwiftPackageReference "firebase-ios-sdk" */;
			productName = FirebaseRemoteConfigSwift;
		};
		DABCD7EF29EB086400CB5A80 /* FirebaseStorage */ = {
			isa = XCSwiftPackageProductDependency;
			package = DABCD7CA29EB086400CB5A80 /* XCRemoteSwiftPackageReference "firebase-ios-sdk" */;
			productName = FirebaseStorage;
		};
		DABCD7F129EB086400CB5A80 /* FirebaseStorageCombine-Community */ = {
			isa = XCSwiftPackageProductDependency;
			package = DABCD7CA29EB086400CB5A80 /* XCRemoteSwiftPackageReference "firebase-ios-sdk" */;
			productName = "FirebaseStorageCombine-Community";
		};
/* End XCSwiftPackageProductDependency section */
	};
	rootObject = DA59346B29E18AF80005A9B9 /* Project object */;
}
